
Microsoft Visual Studio Solution File, Format Version 12.00
# Visual Studio Version 17
VisualStudioVersion = 17.0.31903.59
MinimumVisualStudioVersion = 10.0.40219.1
Project("{FAE04EC0-301F-11D3-BF4B-00C04F79EFBC}") = "FactoryPattern", "DesignPatterns\FactoryPattern.csproj", "{51EB188A-F249-4A4B-9382-D54E0F826643}"
EndProject
Project("{FAE04EC0-301F-11D3-BF4B-00C04F79EFBC}") = "AbstractFactoryPattern", "AbstractFactoryPattern\AbstractFactoryPattern.csproj", "{5BE18E9D-FAC0-4BC8-B68A-884DA200EBFB}"
EndProject
Project("{FAE04EC0-301F-11D3-BF4B-00C04F79EFBC}") = "SingletonePattern", "SingletonePattern\SingletonePattern.csproj", "{E967241D-CB03-4DA8-B6AF-5B2AAD20610A}"
EndProject
Project("{FAE04EC0-301F-11D3-BF4B-00C04F79EFBC}") = "Prototype", "Prototype\Prototype.csproj", "{1050A2CE-43D5-4975-9DAB-E24F300A1F99}"
EndProject
Project("{FAE04EC0-301F-11D3-BF4B-00C04F79EFBC}") = "Builder", "Builder\Builder.csproj", "{4CBDA772-F2A3-46B7-B2FD-95271C6B4625}"
EndProject
Global
	GlobalSection(SolutionConfigurationPlatforms) = preSolution
		Debug|Any CPU = Debug|Any CPU
		Release|Any CPU = Release|Any CPU
	EndGlobalSection
	GlobalSection(ProjectConfigurationPlatforms) = postSolution
		{51EB188A-F249-4A4B-9382-D54E0F826643}.Debug|Any CPU.ActiveCfg = Debug|Any CPU
		{51EB188A-F249-4A4B-9382-D54E0F826643}.Debug|Any CPU.Build.0 = Debug|Any CPU
		{51EB188A-F249-4A4B-9382-D54E0F826643}.Release|Any CPU.ActiveCfg = Release|Any CPU
		{51EB188A-F249-4A4B-9382-D54E0F826643}.Release|Any CPU.Build.0 = Release|Any CPU
		{5BE18E9D-FAC0-4BC8-B68A-884DA200EBFB}.Debug|Any CPU.ActiveCfg = Debug|Any CPU
		{5BE18E9D-FAC0-4BC8-B68A-884DA200EBFB}.Debug|Any CPU.Build.0 = Debug|Any CPU
		{5BE18E9D-FAC0-4BC8-B68A-884DA200EBFB}.Release|Any CPU.ActiveCfg = Release|Any CPU
		{5BE18E9D-FAC0-4BC8-B68A-884DA200EBFB}.Release|Any CPU.Build.0 = Release|Any CPU
		{E967241D-CB03-4DA8-B6AF-5B2AAD20610A}.Debug|Any CPU.ActiveCfg = Debug|Any CPU
		{E967241D-CB03-4DA8-B6AF-5B2AAD20610A}.Debug|Any CPU.Build.0 = Debug|Any CPU
		{E967241D-CB03-4DA8-B6AF-5B2AAD20610A}.Release|Any CPU.ActiveCfg = Release|Any CPU
		{E967241D-CB03-4DA8-B6AF-5B2AAD20610A}.Release|Any CPU.Build.0 = Release|Any CPU
		{1050A2CE-43D5-4975-9DAB-E24F300A1F99}.Debug|Any CPU.ActiveCfg = Debug|Any CPU
		{1050A2CE-43D5-4975-9DAB-E24F300A1F99}.Debug|Any CPU.Build.0 = Debug|Any CPU
		{1050A2CE-43D5-4975-9DAB-E24F300A1F99}.Release|Any CPU.ActiveCfg = Release|Any CPU
		{1050A2CE-43D5-4975-9DAB-E24F300A1F99}.Release|Any CPU.Build.0 = Release|Any CPU
		{4CBDA772-F2A3-46B7-B2FD-95271C6B4625}.Debug|Any CPU.ActiveCfg = Debug|Any CPU
		{4CBDA772-F2A3-46B7-B2FD-95271C6B4625}.Debug|Any CPU.Build.0 = Debug|Any CPU
		{4CBDA772-F2A3-46B7-B2FD-95271C6B4625}.Release|Any CPU.ActiveCfg = Release|Any CPU
		{4CBDA772-F2A3-46B7-B2FD-95271C6B4625}.Release|Any CPU.Build.0 = Release|Any CPU
	EndGlobalSection
	GlobalSection(SolutionProperties) = preSolution
		HideSolutionNode = FALSE
	EndGlobalSection
	GlobalSection(ExtensibilityGlobals) = postSolution
		SolutionGuid = {8BEC8CA5-56DA-4F5B-8567-8E2B9BD44DD1}
	EndGlobalSection
EndGlobal
