
Microsoft Visual Studio Solution File, Format Version 12.00
# Visual Studio Version 17
VisualStudioVersion = 17.0.31903.59
MinimumVisualStudioVersion = 10.0.40219.1
Project("{2150E333-8FDC-42A3-9474-1A3956D46DE8}") = "Structural", "Structural", "{56CC04E4-1926-41B7-AE67-C74ACE14A6F2}"
EndProject
Project("{2150E333-8FDC-42A3-9474-1A3956D46DE8}") = "Behavioural", "Behavioural", "{B91F993A-37D1-4610-B3E0-7D3C5A3CA14C}"
EndProject
Project("{2150E333-8FDC-42A3-9474-1A3956D46DE8}") = "Creational", "Creational", "{D407BEFC-DD73-46C4-8DF4-EB684C138FF2}"
EndProject
Project("{2150E333-8FDC-42A3-9474-1A3956D46DE8}") = "Adapter", "Adapter", "{BC2BE0C2-EB61-4DE2-96BF-3918F647DDED}"
EndProject
Project("{FAE04EC0-301F-11D3-BF4B-00C04F79EFBC}") = "Singleton", "Creational\SingletonePattern\Singleton.csproj", "{E967241D-CB03-4DA8-B6AF-5B2AAD20610A}"
EndProject
Project("{FAE04EC0-301F-11D3-BF4B-00C04F79EFBC}") = "AbstractFactory", "Creational\AbstractFactoryPattern\AbstractFactory.csproj", "{5BE18E9D-FAC0-4BC8-B68A-884DA200EBFB}"
EndProject
Project("{FAE04EC0-301F-11D3-BF4B-00C04F79EFBC}") = "Factory", "Creational\Factory\Factory.csproj", "{51EB188A-F249-4A4B-9382-D54E0F826643}"
EndProject
Project("{9A19103F-16F7-4668-BE54-9A1E7A4F7556}") = "ObjectPool", "Creational\ObjectPool\ObjectPool.csproj", "{034452BD-B789-4E1F-B678-EF26E1DD90D2}"
EndProject
Project("{9A19103F-16F7-4668-BE54-9A1E7A4F7556}") = "Prototype", "Creational\Prototype\Prototype.csproj", "{5C3B5F98-585B-4F1E-B61F-D92F9745D124}"
EndProject
Project("{9A19103F-16F7-4668-BE54-9A1E7A4F7556}") = "ServiceLocator", "Creational\ServiceLocator\ServiceLocator.csproj", "{771FD5FD-B1E9-4BEF-86E0-C5E30B6E1FC6}"
EndProject
Project("{9A19103F-16F7-4668-BE54-9A1E7A4F7556}") = "ChainOfResponsibility", "Behavioural\ChainOfResponsibility\ChainOfResponsibility.csproj", "{E2F969CC-B948-4C05-A732-4B1DDF51258F}"
EndProject
Project("{9A19103F-16F7-4668-BE54-9A1E7A4F7556}") = "Command", "Behavioural\Command\Command.csproj", "{DE964BB0-C643-48A6-A4FF-331203BF474E}"
EndProject
Project("{9A19103F-16F7-4668-BE54-9A1E7A4F7556}") = "Iterator", "Behavioural\Iterator\Iterator.csproj", "{5C54EAA6-58F3-405E-BC12-CEFCEBE925DE}"
EndProject
Project("{9A19103F-16F7-4668-BE54-9A1E7A4F7556}") = "Observer", "Behavioural\Observer\Observer.csproj", "{D76167F3-78EC-401A-942A-2C2296526EE1}"
EndProject
Project("{9A19103F-16F7-4668-BE54-9A1E7A4F7556}") = "State", "Behavioural\State\State.csproj", "{CBB07C99-0FF7-4E84-8148-9A58444AC6D4}"
EndProject
Project("{9A19103F-16F7-4668-BE54-9A1E7A4F7556}") = "Mediator", "Behavioural\Mediator\Mediator.csproj", "{AADFB2C5-6892-4CCB-95BC-21137901C1A0}"
EndProject
Project("{9A19103F-16F7-4668-BE54-9A1E7A4F7556}") = "AssetsManagement", "Behavioural\Visitor\AssetsManagement\AssetsManagement.csproj", "{2F430BFE-74D0-46CE-B684-AD896ED942A9}"
EndProject
Project("{2150E333-8FDC-42A3-9474-1A3956D46DE8}") = "Visitor", "Visitor", "{8E23BAC8-BB52-40EA-9D6B-9D5CC063A2AE}"
EndProject
Project("{9A19103F-16F7-4668-BE54-9A1E7A4F7556}") = "EmployeeAccounting", "Behavioural\Visitor\EmployeeAccounting\EmployeeAccounting\EmployeeAccounting.csproj", "{54C60852-4EF1-4045-A5CE-4E404D4B92D8}"
EndProject
Project("{9A19103F-16F7-4668-BE54-9A1E7A4F7556}") = "TemplateMethod", "Behavioural\TemplateMethod\TemplateMethod.csproj", "{D0A7BA0E-A680-4701-8359-0D0814F932D5}"
EndProject
Project("{9A19103F-16F7-4668-BE54-9A1E7A4F7556}") = "Bridge", "Structutral\Bridge\Bridge.csproj", "{FB0F9600-51D9-4AEC-B365-389296649699}"
EndProject
Project("{9A19103F-16F7-4668-BE54-9A1E7A4F7556}") = "Composite", "Structutral\Composite\Composite.csproj", "{A1057671-66F0-447F-B467-D572A80B314D}"
EndProject
Project("{9A19103F-16F7-4668-BE54-9A1E7A4F7556}") = "Decorator", "Structutral\Decorator\Decorator.csproj", "{7653ADAF-B260-4A63-9819-73BEDDCFFD4F}"
EndProject
Project("{9A19103F-16F7-4668-BE54-9A1E7A4F7556}") = "Facade", "Structutral\Facade\Facade.csproj", "{981D4A3B-A076-4F3E-AC80-0612180B02F8}"
EndProject
Project("{9A19103F-16F7-4668-BE54-9A1E7A4F7556}") = "Flyweight", "Structutral\Flyweight\Flyweight.csproj", "{95E71DBF-0B37-4A6E-B5E6-1C63FCD1CD60}"
EndProject
Project("{9A19103F-16F7-4668-BE54-9A1E7A4F7556}") = "Proxy", "Structutral\Proxy\Proxy.csproj", "{6404FCDE-094C-426F-A5BF-23547847DEBE}"
EndProject
Project("{9A19103F-16F7-4668-BE54-9A1E7A4F7556}") = "Delegation", "Structutral\Delegation\Delegation.csproj", "{9A62E048-A4D4-4FA7-9660-535C988997B8}"
EndProject
Project("{9A19103F-16F7-4668-BE54-9A1E7A4F7556}") = "EmployeeSalary", "Structutral\Adapter\EmployeeSalary\EmployeeSalary.csproj", "{B18D67A3-02B8-49B9-B58E-BD7BE2FBCBAB}"
EndProject
Project("{9A19103F-16F7-4668-BE54-9A1E7A4F7556}") = "LumiaMobile", "Structutral\Adapter\LumiaMobile\LumiaMobile.csproj", "{4A619C53-8D0D-4D3D-BC12-B3EB09DC9C35}"
EndProject
Project("{2150E333-8FDC-42A3-9474-1A3956D46DE8}") = "Builder", "Builder", "{5B785FA6-0E6E-448B-BDEF-FFA7AF66DEB4}"
EndProject
Project("{9A19103F-16F7-4668-BE54-9A1E7A4F7556}") = "CarBuilder", "Creational\Builder\CarManufactureSample\CarBuilder.csproj", "{B73C4D8F-3C80-4C73-9E0C-E2AE6B4445BC}"
EndProject
Project("{9A19103F-16F7-4668-BE54-9A1E7A4F7556}") = "HouseBuilder", "Creational\Builder\HouseBuilder\HouseBuilder.csproj", "{FE568073-4505-45D1-B86D-1967EA29F5A6}"
EndProject
Project("{FAE04EC0-301F-11D3-BF4B-00C04F79EFBC}") = "Strartegy", "Behavioural\Strartegy\Strartegy.csproj", "{C5E958E0-6AFA-4D50-84C7-4823BF46EAB8}"
EndProject
Project("{FAE04EC0-301F-11D3-BF4B-00C04F79EFBC}") = "ServiceLocator", "Structutral\ServiceLocator\ServiceLocator.csproj", "{8B124049-2EE2-40E6-A037-134535ADFF04}"
EndProject
Global
	GlobalSection(SolutionConfigurationPlatforms) = preSolution
		Debug|Any CPU = Debug|Any CPU
		Release|Any CPU = Release|Any CPU
	EndGlobalSection
	GlobalSection(ProjectConfigurationPlatforms) = postSolution
		{E967241D-CB03-4DA8-B6AF-5B2AAD20610A}.Debug|Any CPU.ActiveCfg = Debug|Any CPU
		{E967241D-CB03-4DA8-B6AF-5B2AAD20610A}.Debug|Any CPU.Build.0 = Debug|Any CPU
		{E967241D-CB03-4DA8-B6AF-5B2AAD20610A}.Release|Any CPU.ActiveCfg = Release|Any CPU
		{E967241D-CB03-4DA8-B6AF-5B2AAD20610A}.Release|Any CPU.Build.0 = Release|Any CPU
		{5BE18E9D-FAC0-4BC8-B68A-884DA200EBFB}.Debug|Any CPU.ActiveCfg = Debug|Any CPU
		{5BE18E9D-FAC0-4BC8-B68A-884DA200EBFB}.Debug|Any CPU.Build.0 = Debug|Any CPU
		{5BE18E9D-FAC0-4BC8-B68A-884DA200EBFB}.Release|Any CPU.ActiveCfg = Release|Any CPU
		{5BE18E9D-FAC0-4BC8-B68A-884DA200EBFB}.Release|Any CPU.Build.0 = Release|Any CPU
		{51EB188A-F249-4A4B-9382-D54E0F826643}.Debug|Any CPU.ActiveCfg = Debug|Any CPU
		{51EB188A-F249-4A4B-9382-D54E0F826643}.Debug|Any CPU.Build.0 = Debug|Any CPU
		{51EB188A-F249-4A4B-9382-D54E0F826643}.Release|Any CPU.ActiveCfg = Release|Any CPU
		{51EB188A-F249-4A4B-9382-D54E0F826643}.Release|Any CPU.Build.0 = Release|Any CPU
		{034452BD-B789-4E1F-B678-EF26E1DD90D2}.Debug|Any CPU.ActiveCfg = Debug|Any CPU
		{034452BD-B789-4E1F-B678-EF26E1DD90D2}.Debug|Any CPU.Build.0 = Debug|Any CPU
		{034452BD-B789-4E1F-B678-EF26E1DD90D2}.Release|Any CPU.ActiveCfg = Release|Any CPU
		{034452BD-B789-4E1F-B678-EF26E1DD90D2}.Release|Any CPU.Build.0 = Release|Any CPU
		{5C3B5F98-585B-4F1E-B61F-D92F9745D124}.Debug|Any CPU.ActiveCfg = Debug|Any CPU
		{5C3B5F98-585B-4F1E-B61F-D92F9745D124}.Debug|Any CPU.Build.0 = Debug|Any CPU
		{5C3B5F98-585B-4F1E-B61F-D92F9745D124}.Release|Any CPU.ActiveCfg = Release|Any CPU
		{5C3B5F98-585B-4F1E-B61F-D92F9745D124}.Release|Any CPU.Build.0 = Release|Any CPU
		{771FD5FD-B1E9-4BEF-86E0-C5E30B6E1FC6}.Debug|Any CPU.ActiveCfg = Debug|Any CPU
		{771FD5FD-B1E9-4BEF-86E0-C5E30B6E1FC6}.Debug|Any CPU.Build.0 = Debug|Any CPU
		{771FD5FD-B1E9-4BEF-86E0-C5E30B6E1FC6}.Release|Any CPU.ActiveCfg = Release|Any CPU
		{771FD5FD-B1E9-4BEF-86E0-C5E30B6E1FC6}.Release|Any CPU.Build.0 = Release|Any CPU
		{E2F969CC-B948-4C05-A732-4B1DDF51258F}.Debug|Any CPU.ActiveCfg = Debug|Any CPU
		{E2F969CC-B948-4C05-A732-4B1DDF51258F}.Debug|Any CPU.Build.0 = Debug|Any CPU
		{E2F969CC-B948-4C05-A732-4B1DDF51258F}.Release|Any CPU.ActiveCfg = Release|Any CPU
		{E2F969CC-B948-4C05-A732-4B1DDF51258F}.Release|Any CPU.Build.0 = Release|Any CPU
		{DE964BB0-C643-48A6-A4FF-331203BF474E}.Debug|Any CPU.ActiveCfg = Debug|Any CPU
		{DE964BB0-C643-48A6-A4FF-331203BF474E}.Debug|Any CPU.Build.0 = Debug|Any CPU
		{DE964BB0-C643-48A6-A4FF-331203BF474E}.Release|Any CPU.ActiveCfg = Release|Any CPU
		{DE964BB0-C643-48A6-A4FF-331203BF474E}.Release|Any CPU.Build.0 = Release|Any CPU
		{5C54EAA6-58F3-405E-BC12-CEFCEBE925DE}.Debug|Any CPU.ActiveCfg = Debug|Any CPU
		{5C54EAA6-58F3-405E-BC12-CEFCEBE925DE}.Debug|Any CPU.Build.0 = Debug|Any CPU
		{5C54EAA6-58F3-405E-BC12-CEFCEBE925DE}.Release|Any CPU.ActiveCfg = Release|Any CPU
		{5C54EAA6-58F3-405E-BC12-CEFCEBE925DE}.Release|Any CPU.Build.0 = Release|Any CPU
		{D76167F3-78EC-401A-942A-2C2296526EE1}.Debug|Any CPU.ActiveCfg = Debug|Any CPU
		{D76167F3-78EC-401A-942A-2C2296526EE1}.Debug|Any CPU.Build.0 = Debug|Any CPU
		{D76167F3-78EC-401A-942A-2C2296526EE1}.Release|Any CPU.ActiveCfg = Release|Any CPU
		{D76167F3-78EC-401A-942A-2C2296526EE1}.Release|Any CPU.Build.0 = Release|Any CPU
		{CBB07C99-0FF7-4E84-8148-9A58444AC6D4}.Debug|Any CPU.ActiveCfg = Debug|Any CPU
		{CBB07C99-0FF7-4E84-8148-9A58444AC6D4}.Debug|Any CPU.Build.0 = Debug|Any CPU
		{CBB07C99-0FF7-4E84-8148-9A58444AC6D4}.Release|Any CPU.ActiveCfg = Release|Any CPU
		{CBB07C99-0FF7-4E84-8148-9A58444AC6D4}.Release|Any CPU.Build.0 = Release|Any CPU
		{AADFB2C5-6892-4CCB-95BC-21137901C1A0}.Debug|Any CPU.ActiveCfg = Debug|Any CPU
		{AADFB2C5-6892-4CCB-95BC-21137901C1A0}.Debug|Any CPU.Build.0 = Debug|Any CPU
		{AADFB2C5-6892-4CCB-95BC-21137901C1A0}.Release|Any CPU.ActiveCfg = Release|Any CPU
		{AADFB2C5-6892-4CCB-95BC-21137901C1A0}.Release|Any CPU.Build.0 = Release|Any CPU
		{2F430BFE-74D0-46CE-B684-AD896ED942A9}.Debug|Any CPU.ActiveCfg = Debug|Any CPU
		{2F430BFE-74D0-46CE-B684-AD896ED942A9}.Debug|Any CPU.Build.0 = Debug|Any CPU
		{2F430BFE-74D0-46CE-B684-AD896ED942A9}.Release|Any CPU.ActiveCfg = Release|Any CPU
		{2F430BFE-74D0-46CE-B684-AD896ED942A9}.Release|Any CPU.Build.0 = Release|Any CPU
		{54C60852-4EF1-4045-A5CE-4E404D4B92D8}.Debug|Any CPU.ActiveCfg = Debug|Any CPU
		{54C60852-4EF1-4045-A5CE-4E404D4B92D8}.Debug|Any CPU.Build.0 = Debug|Any CPU
		{54C60852-4EF1-4045-A5CE-4E404D4B92D8}.Release|Any CPU.ActiveCfg = Release|Any CPU
		{54C60852-4EF1-4045-A5CE-4E404D4B92D8}.Release|Any CPU.Build.0 = Release|Any CPU
		{D0A7BA0E-A680-4701-8359-0D0814F932D5}.Debug|Any CPU.ActiveCfg = Debug|Any CPU
		{D0A7BA0E-A680-4701-8359-0D0814F932D5}.Debug|Any CPU.Build.0 = Debug|Any CPU
		{D0A7BA0E-A680-4701-8359-0D0814F932D5}.Release|Any CPU.ActiveCfg = Release|Any CPU
		{D0A7BA0E-A680-4701-8359-0D0814F932D5}.Release|Any CPU.Build.0 = Release|Any CPU
		{FB0F9600-51D9-4AEC-B365-389296649699}.Debug|Any CPU.ActiveCfg = Debug|Any CPU
		{FB0F9600-51D9-4AEC-B365-389296649699}.Debug|Any CPU.Build.0 = Debug|Any CPU
		{FB0F9600-51D9-4AEC-B365-389296649699}.Release|Any CPU.ActiveCfg = Release|Any CPU
		{FB0F9600-51D9-4AEC-B365-389296649699}.Release|Any CPU.Build.0 = Release|Any CPU
		{A1057671-66F0-447F-B467-D572A80B314D}.Debug|Any CPU.ActiveCfg = Debug|Any CPU
		{A1057671-66F0-447F-B467-D572A80B314D}.Debug|Any CPU.Build.0 = Debug|Any CPU
		{A1057671-66F0-447F-B467-D572A80B314D}.Release|Any CPU.ActiveCfg = Release|Any CPU
		{A1057671-66F0-447F-B467-D572A80B314D}.Release|Any CPU.Build.0 = Release|Any CPU
		{7653ADAF-B260-4A63-9819-73BEDDCFFD4F}.Debug|Any CPU.ActiveCfg = Debug|Any CPU
		{7653ADAF-B260-4A63-9819-73BEDDCFFD4F}.Debug|Any CPU.Build.0 = Debug|Any CPU
		{7653ADAF-B260-4A63-9819-73BEDDCFFD4F}.Release|Any CPU.ActiveCfg = Release|Any CPU
		{7653ADAF-B260-4A63-9819-73BEDDCFFD4F}.Release|Any CPU.Build.0 = Release|Any CPU
		{981D4A3B-A076-4F3E-AC80-0612180B02F8}.Debug|Any CPU.ActiveCfg = Debug|Any CPU
		{981D4A3B-A076-4F3E-AC80-0612180B02F8}.Debug|Any CPU.Build.0 = Debug|Any CPU
		{981D4A3B-A076-4F3E-AC80-0612180B02F8}.Release|Any CPU.ActiveCfg = Release|Any CPU
		{981D4A3B-A076-4F3E-AC80-0612180B02F8}.Release|Any CPU.Build.0 = Release|Any CPU
		{95E71DBF-0B37-4A6E-B5E6-1C63FCD1CD60}.Debug|Any CPU.ActiveCfg = Debug|Any CPU
		{95E71DBF-0B37-4A6E-B5E6-1C63FCD1CD60}.Debug|Any CPU.Build.0 = Debug|Any CPU
		{95E71DBF-0B37-4A6E-B5E6-1C63FCD1CD60}.Release|Any CPU.ActiveCfg = Release|Any CPU
		{95E71DBF-0B37-4A6E-B5E6-1C63FCD1CD60}.Release|Any CPU.Build.0 = Release|Any CPU
		{6404FCDE-094C-426F-A5BF-23547847DEBE}.Debug|Any CPU.ActiveCfg = Debug|Any CPU
		{6404FCDE-094C-426F-A5BF-23547847DEBE}.Debug|Any CPU.Build.0 = Debug|Any CPU
		{6404FCDE-094C-426F-A5BF-23547847DEBE}.Release|Any CPU.ActiveCfg = Release|Any CPU
		{6404FCDE-094C-426F-A5BF-23547847DEBE}.Release|Any CPU.Build.0 = Release|Any CPU
		{9A62E048-A4D4-4FA7-9660-535C988997B8}.Debug|Any CPU.ActiveCfg = Debug|Any CPU
		{9A62E048-A4D4-4FA7-9660-535C988997B8}.Debug|Any CPU.Build.0 = Debug|Any CPU
		{9A62E048-A4D4-4FA7-9660-535C988997B8}.Release|Any CPU.ActiveCfg = Release|Any CPU
		{9A62E048-A4D4-4FA7-9660-535C988997B8}.Release|Any CPU.Build.0 = Release|Any CPU
		{B18D67A3-02B8-49B9-B58E-BD7BE2FBCBAB}.Debug|Any CPU.ActiveCfg = Debug|Any CPU
		{B18D67A3-02B8-49B9-B58E-BD7BE2FBCBAB}.Debug|Any CPU.Build.0 = Debug|Any CPU
		{B18D67A3-02B8-49B9-B58E-BD7BE2FBCBAB}.Release|Any CPU.ActiveCfg = Release|Any CPU
		{B18D67A3-02B8-49B9-B58E-BD7BE2FBCBAB}.Release|Any CPU.Build.0 = Release|Any CPU
		{4A619C53-8D0D-4D3D-BC12-B3EB09DC9C35}.Debug|Any CPU.ActiveCfg = Debug|Any CPU
		{4A619C53-8D0D-4D3D-BC12-B3EB09DC9C35}.Debug|Any CPU.Build.0 = Debug|Any CPU
		{4A619C53-8D0D-4D3D-BC12-B3EB09DC9C35}.Release|Any CPU.ActiveCfg = Release|Any CPU
		{4A619C53-8D0D-4D3D-BC12-B3EB09DC9C35}.Release|Any CPU.Build.0 = Release|Any CPU
		{B73C4D8F-3C80-4C73-9E0C-E2AE6B4445BC}.Debug|Any CPU.ActiveCfg = Debug|Any CPU
		{B73C4D8F-3C80-4C73-9E0C-E2AE6B4445BC}.Debug|Any CPU.Build.0 = Debug|Any CPU
		{B73C4D8F-3C80-4C73-9E0C-E2AE6B4445BC}.Release|Any CPU.ActiveCfg = Release|Any CPU
		{B73C4D8F-3C80-4C73-9E0C-E2AE6B4445BC}.Release|Any CPU.Build.0 = Release|Any CPU
		{FE568073-4505-45D1-B86D-1967EA29F5A6}.Debug|Any CPU.ActiveCfg = Debug|Any CPU
		{FE568073-4505-45D1-B86D-1967EA29F5A6}.Debug|Any CPU.Build.0 = Debug|Any CPU
		{FE568073-4505-45D1-B86D-1967EA29F5A6}.Release|Any CPU.ActiveCfg = Release|Any CPU
		{FE568073-4505-45D1-B86D-1967EA29F5A6}.Release|Any CPU.Build.0 = Release|Any CPU
		{C5E958E0-6AFA-4D50-84C7-4823BF46EAB8}.Debug|Any CPU.ActiveCfg = Debug|Any CPU
		{C5E958E0-6AFA-4D50-84C7-4823BF46EAB8}.Debug|Any CPU.Build.0 = Debug|Any CPU
		{C5E958E0-6AFA-4D50-84C7-4823BF46EAB8}.Release|Any CPU.ActiveCfg = Release|Any CPU
		{C5E958E0-6AFA-4D50-84C7-4823BF46EAB8}.Release|Any CPU.Build.0 = Release|Any CPU
		{8B124049-2EE2-40E6-A037-134535ADFF04}.Debug|Any CPU.ActiveCfg = Debug|Any CPU
		{8B124049-2EE2-40E6-A037-134535ADFF04}.Debug|Any CPU.Build.0 = Debug|Any CPU
		{8B124049-2EE2-40E6-A037-134535ADFF04}.Release|Any CPU.ActiveCfg = Release|Any CPU
		{8B124049-2EE2-40E6-A037-134535ADFF04}.Release|Any CPU.Build.0 = Release|Any CPU
	EndGlobalSection
	GlobalSection(SolutionProperties) = preSolution
		HideSolutionNode = FALSE
	EndGlobalSection
	GlobalSection(NestedProjects) = preSolution
		{BC2BE0C2-EB61-4DE2-96BF-3918F647DDED} = {56CC04E4-1926-41B7-AE67-C74ACE14A6F2}
		{E967241D-CB03-4DA8-B6AF-5B2AAD20610A} = {D407BEFC-DD73-46C4-8DF4-EB684C138FF2}
		{5BE18E9D-FAC0-4BC8-B68A-884DA200EBFB} = {D407BEFC-DD73-46C4-8DF4-EB684C138FF2}
		{51EB188A-F249-4A4B-9382-D54E0F826643} = {D407BEFC-DD73-46C4-8DF4-EB684C138FF2}
		{034452BD-B789-4E1F-B678-EF26E1DD90D2} = {D407BEFC-DD73-46C4-8DF4-EB684C138FF2}
		{5C3B5F98-585B-4F1E-B61F-D92F9745D124} = {D407BEFC-DD73-46C4-8DF4-EB684C138FF2}
		{771FD5FD-B1E9-4BEF-86E0-C5E30B6E1FC6} = {D407BEFC-DD73-46C4-8DF4-EB684C138FF2}
		{E2F969CC-B948-4C05-A732-4B1DDF51258F} = {B91F993A-37D1-4610-B3E0-7D3C5A3CA14C}
		{DE964BB0-C643-48A6-A4FF-331203BF474E} = {B91F993A-37D1-4610-B3E0-7D3C5A3CA14C}
		{5C54EAA6-58F3-405E-BC12-CEFCEBE925DE} = {B91F993A-37D1-4610-B3E0-7D3C5A3CA14C}
		{D76167F3-78EC-401A-942A-2C2296526EE1} = {B91F993A-37D1-4610-B3E0-7D3C5A3CA14C}
		{CBB07C99-0FF7-4E84-8148-9A58444AC6D4} = {B91F993A-37D1-4610-B3E0-7D3C5A3CA14C}
		{AADFB2C5-6892-4CCB-95BC-21137901C1A0} = {B91F993A-37D1-4610-B3E0-7D3C5A3CA14C}
		{2F430BFE-74D0-46CE-B684-AD896ED942A9} = {8E23BAC8-BB52-40EA-9D6B-9D5CC063A2AE}
		{8E23BAC8-BB52-40EA-9D6B-9D5CC063A2AE} = {B91F993A-37D1-4610-B3E0-7D3C5A3CA14C}
		{54C60852-4EF1-4045-A5CE-4E404D4B92D8} = {8E23BAC8-BB52-40EA-9D6B-9D5CC063A2AE}
		{D0A7BA0E-A680-4701-8359-0D0814F932D5} = {B91F993A-37D1-4610-B3E0-7D3C5A3CA14C}
		{FB0F9600-51D9-4AEC-B365-389296649699} = {56CC04E4-1926-41B7-AE67-C74ACE14A6F2}
		{A1057671-66F0-447F-B467-D572A80B314D} = {56CC04E4-1926-41B7-AE67-C74ACE14A6F2}
		{7653ADAF-B260-4A63-9819-73BEDDCFFD4F} = {56CC04E4-1926-41B7-AE67-C74ACE14A6F2}
		{981D4A3B-A076-4F3E-AC80-0612180B02F8} = {56CC04E4-1926-41B7-AE67-C74ACE14A6F2}
		{95E71DBF-0B37-4A6E-B5E6-1C63FCD1CD60} = {56CC04E4-1926-41B7-AE67-C74ACE14A6F2}
		{6404FCDE-094C-426F-A5BF-23547847DEBE} = {56CC04E4-1926-41B7-AE67-C74ACE14A6F2}
		{9A62E048-A4D4-4FA7-9660-535C988997B8} = {56CC04E4-1926-41B7-AE67-C74ACE14A6F2}
		{B18D67A3-02B8-49B9-B58E-BD7BE2FBCBAB} = {BC2BE0C2-EB61-4DE2-96BF-3918F647DDED}
		{4A619C53-8D0D-4D3D-BC12-B3EB09DC9C35} = {BC2BE0C2-EB61-4DE2-96BF-3918F647DDED}
		{5B785FA6-0E6E-448B-BDEF-FFA7AF66DEB4} = {D407BEFC-DD73-46C4-8DF4-EB684C138FF2}
		{B73C4D8F-3C80-4C73-9E0C-E2AE6B4445BC} = {5B785FA6-0E6E-448B-BDEF-FFA7AF66DEB4}
		{FE568073-4505-45D1-B86D-1967EA29F5A6} = {5B785FA6-0E6E-448B-BDEF-FFA7AF66DEB4}
		{C5E958E0-6AFA-4D50-84C7-4823BF46EAB8} = {B91F993A-37D1-4610-B3E0-7D3C5A3CA14C}
		{8B124049-2EE2-40E6-A037-134535ADFF04} = {56CC04E4-1926-41B7-AE67-C74ACE14A6F2}
	EndGlobalSection
	GlobalSection(ExtensibilityGlobals) = postSolution
		SolutionGuid = {8BEC8CA5-56DA-4F5B-8567-8E2B9BD44DD1}
	EndGlobalSection
EndGlobal
