
Microsoft Visual Studio Solution File, Format Version 12.00
# Visual Studio Version 17
VisualStudioVersion = 17.0.31903.59
MinimumVisualStudioVersion = 10.0.40219.1
Project("{FAE04EC0-301F-11D3-BF4B-00C04F79EFBC}") = "Factory", "DesignPatterns\Factory.csproj", "{51EB188A-F249-4A4B-9382-D54E0F826643}"
EndProject
Project("{FAE04EC0-301F-11D3-BF4B-00C04F79EFBC}") = "AbstractFactory", "AbstractFactoryPattern\AbstractFactory.csproj", "{5BE18E9D-FAC0-4BC8-B68A-884DA200EBFB}"
EndProject
Project("{FAE04EC0-301F-11D3-BF4B-00C04F79EFBC}") = "Singleton", "SingletonePattern\Singleton.csproj", "{E967241D-CB03-4DA8-B6AF-5B2AAD20610A}"
EndProject
Project("{9A19103F-16F7-4668-BE54-9A1E7A4F7556}") = "Prototype", "Prototype\Prototype.csproj", "{1050A2CE-43D5-4975-9DAB-E24F300A1F99}"
EndProject
Project("{9A19103F-16F7-4668-BE54-9A1E7A4F7556}") = "Builder", "Builder\Builder.csproj", "{4CBDA772-F2A3-46B7-B2FD-95271C6B4625}"
EndProject
Project("{9A19103F-16F7-4668-BE54-9A1E7A4F7556}") = "Observer", "Observer\Observer.csproj", "{248E7D8B-F8A5-4670-8BF0-48C8A2C1EAF6}"
EndProject
Project("{9A19103F-16F7-4668-BE54-9A1E7A4F7556}") = "Delegation", "Delegation\Delegation.csproj", "{7E8B41F7-61AA-4787-9A16-ACE66F065149}"
EndProject
Project("{9A19103F-16F7-4668-BE54-9A1E7A4F7556}") = "ChainOfResponsibility", "ChainOfResponsibility\ChainOfResponsibility.csproj", "{6E2A7D3F-D061-4865-B820-468753D778B4}"
EndProject
Project("{2150E333-8FDC-42A3-9474-1A3956D46DE8}") = "Structural", "Structural", "{56CC04E4-1926-41B7-AE67-C74ACE14A6F2}"
EndProject
Project("{2150E333-8FDC-42A3-9474-1A3956D46DE8}") = "Behavioral", "Behavioral", "{B91F993A-37D1-4610-B3E0-7D3C5A3CA14C}"
EndProject
Project("{2150E333-8FDC-42A3-9474-1A3956D46DE8}") = "Creational", "Creational", "{D407BEFC-DD73-46C4-8DF4-EB684C138FF2}"
EndProject
Project("{9A19103F-16F7-4668-BE54-9A1E7A4F7556}") = "Command", "Command\Command.csproj", "{A1266D66-1435-4B99-A050-48E10F84BA2D}"
EndProject
Project("{9A19103F-16F7-4668-BE54-9A1E7A4F7556}") = "Iterator", "Iterator\Iterator.csproj", "{D133A6DD-3A37-470D-89B6-8F62C95DA84D}"
EndProject
Project("{9A19103F-16F7-4668-BE54-9A1E7A4F7556}") = "Mediator", "Mediator\Mediator.csproj", "{9B9FDC11-C306-4762-9E34-1EF5137F3C38}"
EndProject
Project("{9A19103F-16F7-4668-BE54-9A1E7A4F7556}") = "Adapter", "Adapter\Adapter.csproj", "{6392CD34-3FEC-479C-B390-BB2269670EE6}"
EndProject
Project("{9A19103F-16F7-4668-BE54-9A1E7A4F7556}") = "Decorator", "Decorator\Decorator.csproj", "{C611E6F0-4F7C-48E9-808D-FF1240FF7A6E}"
EndProject
Project("{9A19103F-16F7-4668-BE54-9A1E7A4F7556}") = "Composite", "Composite\Composite.csproj", "{0B047E4D-99CE-418F-A844-D7C93044691F}"
EndProject
Project("{9A19103F-16F7-4668-BE54-9A1E7A4F7556}") = "Bridge", "Bridge\Bridge.csproj", "{1A7C5BBD-DD09-4F31-945D-BC51CF2A7B57}"
EndProject
Project("{9A19103F-16F7-4668-BE54-9A1E7A4F7556}") = "Facade", "Facade\Facade.csproj", "{6A38792D-2629-467C-989C-ADC0C81C4E15}"
EndProject
Project("{9A19103F-16F7-4668-BE54-9A1E7A4F7556}") = "Proxy", "Proxy\Proxy.csproj", "{17DB4F00-4362-495E-9822-0291E5CAEC4E}"
EndProject
Project("{9A19103F-16F7-4668-BE54-9A1E7A4F7556}") = "Flyweight", "Flyweight\Flyweight.csproj", "{3A2620A5-BABD-48BE-9A4B-33D25D2B8853}"
EndProject
Project("{9A19103F-16F7-4668-BE54-9A1E7A4F7556}") = "State", "State\State.csproj", "{C130D6AF-4476-459A-93AE-50A686C03E2C}"
EndProject
Project("{9A19103F-16F7-4668-BE54-9A1E7A4F7556}") = "TemplateMethod", "TemplateMethod\TemplateMethod.csproj", "{4E81B2CC-FD06-4808-B625-3BB2139F855A}"
EndProject
Project("{9A19103F-16F7-4668-BE54-9A1E7A4F7556}") = "Visitor", "Visitor\Visitor.csproj", "{43FA03CC-ED6E-4CF2-BD18-F2E8CC93379E}"
EndProject
Project("{FAE04EC0-301F-11D3-BF4B-00C04F79EFBC}") = "Strategy", "Strategy\Strategy.csproj", "{62C5500B-14B5-4FB6-B01D-9FFD9D787E79}"
EndProject
Project("{FAE04EC0-301F-11D3-BF4B-00C04F79EFBC}") = "ServiceLocator", "ServiceLocator\ServiceLocator.csproj", "{8905DB17-8D21-47E3-A882-BB3D34462A4A}"
EndProject
Project("{FAE04EC0-301F-11D3-BF4B-00C04F79EFBC}") = "ObjectPool", "ObjectPool\ObjectPool.csproj", "{EC3472B9-9CB4-4071-841F-17A027A7C0B8}"
EndProject
Global
	GlobalSection(SolutionConfigurationPlatforms) = preSolution
		Debug|Any CPU = Debug|Any CPU
		Release|Any CPU = Release|Any CPU
	EndGlobalSection
	GlobalSection(ProjectConfigurationPlatforms) = postSolution
		{51EB188A-F249-4A4B-9382-D54E0F826643}.Debug|Any CPU.ActiveCfg = Debug|Any CPU
		{51EB188A-F249-4A4B-9382-D54E0F826643}.Debug|Any CPU.Build.0 = Debug|Any CPU
		{51EB188A-F249-4A4B-9382-D54E0F826643}.Release|Any CPU.ActiveCfg = Release|Any CPU
		{51EB188A-F249-4A4B-9382-D54E0F826643}.Release|Any CPU.Build.0 = Release|Any CPU
		{5BE18E9D-FAC0-4BC8-B68A-884DA200EBFB}.Debug|Any CPU.ActiveCfg = Debug|Any CPU
		{5BE18E9D-FAC0-4BC8-B68A-884DA200EBFB}.Debug|Any CPU.Build.0 = Debug|Any CPU
		{5BE18E9D-FAC0-4BC8-B68A-884DA200EBFB}.Release|Any CPU.ActiveCfg = Release|Any CPU
		{5BE18E9D-FAC0-4BC8-B68A-884DA200EBFB}.Release|Any CPU.Build.0 = Release|Any CPU
		{E967241D-CB03-4DA8-B6AF-5B2AAD20610A}.Debug|Any CPU.ActiveCfg = Debug|Any CPU
		{E967241D-CB03-4DA8-B6AF-5B2AAD20610A}.Debug|Any CPU.Build.0 = Debug|Any CPU
		{E967241D-CB03-4DA8-B6AF-5B2AAD20610A}.Release|Any CPU.ActiveCfg = Release|Any CPU
		{E967241D-CB03-4DA8-B6AF-5B2AAD20610A}.Release|Any CPU.Build.0 = Release|Any CPU
		{1050A2CE-43D5-4975-9DAB-E24F300A1F99}.Debug|Any CPU.ActiveCfg = Debug|Any CPU
		{1050A2CE-43D5-4975-9DAB-E24F300A1F99}.Debug|Any CPU.Build.0 = Debug|Any CPU
		{1050A2CE-43D5-4975-9DAB-E24F300A1F99}.Release|Any CPU.ActiveCfg = Release|Any CPU
		{1050A2CE-43D5-4975-9DAB-E24F300A1F99}.Release|Any CPU.Build.0 = Release|Any CPU
		{4CBDA772-F2A3-46B7-B2FD-95271C6B4625}.Debug|Any CPU.ActiveCfg = Debug|Any CPU
		{4CBDA772-F2A3-46B7-B2FD-95271C6B4625}.Debug|Any CPU.Build.0 = Debug|Any CPU
		{4CBDA772-F2A3-46B7-B2FD-95271C6B4625}.Release|Any CPU.ActiveCfg = Release|Any CPU
		{4CBDA772-F2A3-46B7-B2FD-95271C6B4625}.Release|Any CPU.Build.0 = Release|Any CPU
		{248E7D8B-F8A5-4670-8BF0-48C8A2C1EAF6}.Debug|Any CPU.ActiveCfg = Debug|Any CPU
		{248E7D8B-F8A5-4670-8BF0-48C8A2C1EAF6}.Debug|Any CPU.Build.0 = Debug|Any CPU
		{248E7D8B-F8A5-4670-8BF0-48C8A2C1EAF6}.Release|Any CPU.ActiveCfg = Release|Any CPU
		{248E7D8B-F8A5-4670-8BF0-48C8A2C1EAF6}.Release|Any CPU.Build.0 = Release|Any CPU
		{7E8B41F7-61AA-4787-9A16-ACE66F065149}.Debug|Any CPU.ActiveCfg = Debug|Any CPU
		{7E8B41F7-61AA-4787-9A16-ACE66F065149}.Debug|Any CPU.Build.0 = Debug|Any CPU
		{7E8B41F7-61AA-4787-9A16-ACE66F065149}.Release|Any CPU.ActiveCfg = Release|Any CPU
		{7E8B41F7-61AA-4787-9A16-ACE66F065149}.Release|Any CPU.Build.0 = Release|Any CPU
		{6E2A7D3F-D061-4865-B820-468753D778B4}.Debug|Any CPU.ActiveCfg = Debug|Any CPU
		{6E2A7D3F-D061-4865-B820-468753D778B4}.Debug|Any CPU.Build.0 = Debug|Any CPU
		{6E2A7D3F-D061-4865-B820-468753D778B4}.Release|Any CPU.ActiveCfg = Release|Any CPU
		{6E2A7D3F-D061-4865-B820-468753D778B4}.Release|Any CPU.Build.0 = Release|Any CPU
		{A1266D66-1435-4B99-A050-48E10F84BA2D}.Debug|Any CPU.ActiveCfg = Debug|Any CPU
		{A1266D66-1435-4B99-A050-48E10F84BA2D}.Debug|Any CPU.Build.0 = Debug|Any CPU
		{A1266D66-1435-4B99-A050-48E10F84BA2D}.Release|Any CPU.ActiveCfg = Release|Any CPU
		{A1266D66-1435-4B99-A050-48E10F84BA2D}.Release|Any CPU.Build.0 = Release|Any CPU
		{D133A6DD-3A37-470D-89B6-8F62C95DA84D}.Debug|Any CPU.ActiveCfg = Debug|Any CPU
		{D133A6DD-3A37-470D-89B6-8F62C95DA84D}.Debug|Any CPU.Build.0 = Debug|Any CPU
		{D133A6DD-3A37-470D-89B6-8F62C95DA84D}.Release|Any CPU.ActiveCfg = Release|Any CPU
		{D133A6DD-3A37-470D-89B6-8F62C95DA84D}.Release|Any CPU.Build.0 = Release|Any CPU
		{9B9FDC11-C306-4762-9E34-1EF5137F3C38}.Debug|Any CPU.ActiveCfg = Debug|Any CPU
		{9B9FDC11-C306-4762-9E34-1EF5137F3C38}.Debug|Any CPU.Build.0 = Debug|Any CPU
		{9B9FDC11-C306-4762-9E34-1EF5137F3C38}.Release|Any CPU.ActiveCfg = Release|Any CPU
		{9B9FDC11-C306-4762-9E34-1EF5137F3C38}.Release|Any CPU.Build.0 = Release|Any CPU
		{6392CD34-3FEC-479C-B390-BB2269670EE6}.Debug|Any CPU.ActiveCfg = Debug|Any CPU
		{6392CD34-3FEC-479C-B390-BB2269670EE6}.Debug|Any CPU.Build.0 = Debug|Any CPU
		{6392CD34-3FEC-479C-B390-BB2269670EE6}.Release|Any CPU.ActiveCfg = Release|Any CPU
		{6392CD34-3FEC-479C-B390-BB2269670EE6}.Release|Any CPU.Build.0 = Release|Any CPU
		{C611E6F0-4F7C-48E9-808D-FF1240FF7A6E}.Debug|Any CPU.ActiveCfg = Debug|Any CPU
		{C611E6F0-4F7C-48E9-808D-FF1240FF7A6E}.Debug|Any CPU.Build.0 = Debug|Any CPU
		{C611E6F0-4F7C-48E9-808D-FF1240FF7A6E}.Release|Any CPU.ActiveCfg = Release|Any CPU
		{C611E6F0-4F7C-48E9-808D-FF1240FF7A6E}.Release|Any CPU.Build.0 = Release|Any CPU
		{0B047E4D-99CE-418F-A844-D7C93044691F}.Debug|Any CPU.ActiveCfg = Debug|Any CPU
		{0B047E4D-99CE-418F-A844-D7C93044691F}.Debug|Any CPU.Build.0 = Debug|Any CPU
		{0B047E4D-99CE-418F-A844-D7C93044691F}.Release|Any CPU.ActiveCfg = Release|Any CPU
		{0B047E4D-99CE-418F-A844-D7C93044691F}.Release|Any CPU.Build.0 = Release|Any CPU
		{1A7C5BBD-DD09-4F31-945D-BC51CF2A7B57}.Debug|Any CPU.ActiveCfg = Debug|Any CPU
		{1A7C5BBD-DD09-4F31-945D-BC51CF2A7B57}.Debug|Any CPU.Build.0 = Debug|Any CPU
		{1A7C5BBD-DD09-4F31-945D-BC51CF2A7B57}.Release|Any CPU.ActiveCfg = Release|Any CPU
		{1A7C5BBD-DD09-4F31-945D-BC51CF2A7B57}.Release|Any CPU.Build.0 = Release|Any CPU
		{6A38792D-2629-467C-989C-ADC0C81C4E15}.Debug|Any CPU.ActiveCfg = Debug|Any CPU
		{6A38792D-2629-467C-989C-ADC0C81C4E15}.Debug|Any CPU.Build.0 = Debug|Any CPU
		{6A38792D-2629-467C-989C-ADC0C81C4E15}.Release|Any CPU.ActiveCfg = Release|Any CPU
		{6A38792D-2629-467C-989C-ADC0C81C4E15}.Release|Any CPU.Build.0 = Release|Any CPU
		{17DB4F00-4362-495E-9822-0291E5CAEC4E}.Debug|Any CPU.ActiveCfg = Debug|Any CPU
		{17DB4F00-4362-495E-9822-0291E5CAEC4E}.Debug|Any CPU.Build.0 = Debug|Any CPU
		{17DB4F00-4362-495E-9822-0291E5CAEC4E}.Release|Any CPU.ActiveCfg = Release|Any CPU
		{17DB4F00-4362-495E-9822-0291E5CAEC4E}.Release|Any CPU.Build.0 = Release|Any CPU
		{3A2620A5-BABD-48BE-9A4B-33D25D2B8853}.Debug|Any CPU.ActiveCfg = Debug|Any CPU
		{3A2620A5-BABD-48BE-9A4B-33D25D2B8853}.Debug|Any CPU.Build.0 = Debug|Any CPU
		{3A2620A5-BABD-48BE-9A4B-33D25D2B8853}.Release|Any CPU.ActiveCfg = Release|Any CPU
		{3A2620A5-BABD-48BE-9A4B-33D25D2B8853}.Release|Any CPU.Build.0 = Release|Any CPU
		{C130D6AF-4476-459A-93AE-50A686C03E2C}.Debug|Any CPU.ActiveCfg = Debug|Any CPU
		{C130D6AF-4476-459A-93AE-50A686C03E2C}.Debug|Any CPU.Build.0 = Debug|Any CPU
		{C130D6AF-4476-459A-93AE-50A686C03E2C}.Release|Any CPU.ActiveCfg = Release|Any CPU
		{C130D6AF-4476-459A-93AE-50A686C03E2C}.Release|Any CPU.Build.0 = Release|Any CPU
		{4E81B2CC-FD06-4808-B625-3BB2139F855A}.Debug|Any CPU.ActiveCfg = Debug|Any CPU
		{4E81B2CC-FD06-4808-B625-3BB2139F855A}.Debug|Any CPU.Build.0 = Debug|Any CPU
		{4E81B2CC-FD06-4808-B625-3BB2139F855A}.Release|Any CPU.ActiveCfg = Release|Any CPU
		{4E81B2CC-FD06-4808-B625-3BB2139F855A}.Release|Any CPU.Build.0 = Release|Any CPU
		{43FA03CC-ED6E-4CF2-BD18-F2E8CC93379E}.Debug|Any CPU.ActiveCfg = Debug|Any CPU
		{43FA03CC-ED6E-4CF2-BD18-F2E8CC93379E}.Debug|Any CPU.Build.0 = Debug|Any CPU
		{43FA03CC-ED6E-4CF2-BD18-F2E8CC93379E}.Release|Any CPU.ActiveCfg = Release|Any CPU
		{43FA03CC-ED6E-4CF2-BD18-F2E8CC93379E}.Release|Any CPU.Build.0 = Release|Any CPU
		{62C5500B-14B5-4FB6-B01D-9FFD9D787E79}.Debug|Any CPU.ActiveCfg = Debug|Any CPU
		{62C5500B-14B5-4FB6-B01D-9FFD9D787E79}.Debug|Any CPU.Build.0 = Debug|Any CPU
		{62C5500B-14B5-4FB6-B01D-9FFD9D787E79}.Release|Any CPU.ActiveCfg = Release|Any CPU
		{62C5500B-14B5-4FB6-B01D-9FFD9D787E79}.Release|Any CPU.Build.0 = Release|Any CPU
		{8905DB17-8D21-47E3-A882-BB3D34462A4A}.Debug|Any CPU.ActiveCfg = Debug|Any CPU
		{8905DB17-8D21-47E3-A882-BB3D34462A4A}.Debug|Any CPU.Build.0 = Debug|Any CPU
		{8905DB17-8D21-47E3-A882-BB3D34462A4A}.Release|Any CPU.ActiveCfg = Release|Any CPU
		{8905DB17-8D21-47E3-A882-BB3D34462A4A}.Release|Any CPU.Build.0 = Release|Any CPU
		{EC3472B9-9CB4-4071-841F-17A027A7C0B8}.Debug|Any CPU.ActiveCfg = Debug|Any CPU
		{EC3472B9-9CB4-4071-841F-17A027A7C0B8}.Debug|Any CPU.Build.0 = Debug|Any CPU
		{EC3472B9-9CB4-4071-841F-17A027A7C0B8}.Release|Any CPU.ActiveCfg = Release|Any CPU
		{EC3472B9-9CB4-4071-841F-17A027A7C0B8}.Release|Any CPU.Build.0 = Release|Any CPU
	EndGlobalSection
	GlobalSection(SolutionProperties) = preSolution
		HideSolutionNode = FALSE
	EndGlobalSection
	GlobalSection(NestedProjects) = preSolution
		{51EB188A-F249-4A4B-9382-D54E0F826643} = {D407BEFC-DD73-46C4-8DF4-EB684C138FF2}
		{5BE18E9D-FAC0-4BC8-B68A-884DA200EBFB} = {D407BEFC-DD73-46C4-8DF4-EB684C138FF2}
		{E967241D-CB03-4DA8-B6AF-5B2AAD20610A} = {D407BEFC-DD73-46C4-8DF4-EB684C138FF2}
		{1050A2CE-43D5-4975-9DAB-E24F300A1F99} = {D407BEFC-DD73-46C4-8DF4-EB684C138FF2}
		{4CBDA772-F2A3-46B7-B2FD-95271C6B4625} = {D407BEFC-DD73-46C4-8DF4-EB684C138FF2}
		{248E7D8B-F8A5-4670-8BF0-48C8A2C1EAF6} = {B91F993A-37D1-4610-B3E0-7D3C5A3CA14C}
		{6E2A7D3F-D061-4865-B820-468753D778B4} = {B91F993A-37D1-4610-B3E0-7D3C5A3CA14C}
		{A1266D66-1435-4B99-A050-48E10F84BA2D} = {B91F993A-37D1-4610-B3E0-7D3C5A3CA14C}
		{D133A6DD-3A37-470D-89B6-8F62C95DA84D} = {B91F993A-37D1-4610-B3E0-7D3C5A3CA14C}
		{9B9FDC11-C306-4762-9E34-1EF5137F3C38} = {B91F993A-37D1-4610-B3E0-7D3C5A3CA14C}
		{6392CD34-3FEC-479C-B390-BB2269670EE6} = {56CC04E4-1926-41B7-AE67-C74ACE14A6F2}
		{C611E6F0-4F7C-48E9-808D-FF1240FF7A6E} = {56CC04E4-1926-41B7-AE67-C74ACE14A6F2}
		{0B047E4D-99CE-418F-A844-D7C93044691F} = {56CC04E4-1926-41B7-AE67-C74ACE14A6F2}
		{1A7C5BBD-DD09-4F31-945D-BC51CF2A7B57} = {56CC04E4-1926-41B7-AE67-C74ACE14A6F2}
		{6A38792D-2629-467C-989C-ADC0C81C4E15} = {56CC04E4-1926-41B7-AE67-C74ACE14A6F2}
		{17DB4F00-4362-495E-9822-0291E5CAEC4E} = {56CC04E4-1926-41B7-AE67-C74ACE14A6F2}
		{3A2620A5-BABD-48BE-9A4B-33D25D2B8853} = {56CC04E4-1926-41B7-AE67-C74ACE14A6F2}
		{C130D6AF-4476-459A-93AE-50A686C03E2C} = {B91F993A-37D1-4610-B3E0-7D3C5A3CA14C}
		{4E81B2CC-FD06-4808-B625-3BB2139F855A} = {B91F993A-37D1-4610-B3E0-7D3C5A3CA14C}
		{43FA03CC-ED6E-4CF2-BD18-F2E8CC93379E} = {B91F993A-37D1-4610-B3E0-7D3C5A3CA14C}
		{62C5500B-14B5-4FB6-B01D-9FFD9D787E79} = {B91F993A-37D1-4610-B3E0-7D3C5A3CA14C}
		{8905DB17-8D21-47E3-A882-BB3D34462A4A} = {D407BEFC-DD73-46C4-8DF4-EB684C138FF2}
		{EC3472B9-9CB4-4071-841F-17A027A7C0B8} = {D407BEFC-DD73-46C4-8DF4-EB684C138FF2}
	EndGlobalSection
	GlobalSection(ExtensibilityGlobals) = postSolution
		SolutionGuid = {8BEC8CA5-56DA-4F5B-8567-8E2B9BD44DD1}
	EndGlobalSection
EndGlobal
