
Microsoft Visual Studio Solution File, Format Version 12.00
# Visual Studio 14
VisualStudioVersion = 14.0.25123.0
MinimumVisualStudioVersion = 10.0.40219.1
Project("{FAE04EC0-301F-11D3-BF4B-00C04F79EFBC}") = "AssetsManagement", "AssetsManagement\AssetsManagement.csproj", "{D4F0C763-C8A4-4CB5-9456-1B9B7F31E95D}"
EndProject
Global
	GlobalSection(SolutionConfigurationPlatforms) = preSolution
		Debug|Any CPU = Debug|Any CPU
		Release|Any CPU = Release|Any CPU
	EndGlobalSection
	GlobalSection(ProjectConfigurationPlatforms) = postSolution
		{D4F0C763-C8A4-4CB5-9456-1B9B7F31E95D}.Debug|Any CPU.ActiveCfg = Debug|Any CPU
		{D4F0C763-C8A4-4CB5-9456-1B9B7F31E95D}.Debug|Any CPU.Build.0 = Debug|Any CPU
		{D4F0C763-C8A4-4CB5-9456-1B9B7F31E95D}.Release|Any CPU.ActiveCfg = Release|Any CPU
		{D4F0C763-C8A4-4CB5-9456-1B9B7F31E95D}.Release|Any CPU.Build.0 = Release|Any CPU
	EndGlobalSection
	GlobalSection(SolutionProperties) = preSolution
		HideSolutionNode = FALSE
	EndGlobalSection
EndGlobal
